
Microsoft Visual Studio Solution File, Format Version 12.00
# Visual Studio Version 16
VisualStudioVersion = 16.0.30523.141
MinimumVisualStudioVersion = 10.0.40219.1
Project("{FAE04EC0-301F-11D3-BF4B-00C04F79EFBC}") = "Morosan_CarolinaElena_Lab8", "Morosan_CarolinaElena_Lab8.csproj", "{8F2CC627-2728-4752-986E-CF3A9F498971}"
EndProject
Global
	GlobalSection(SolutionConfigurationPlatforms) = preSolution
		Debug|Any CPU = Debug|Any CPU
		Release|Any CPU = Release|Any CPU
	EndGlobalSection
	GlobalSection(ProjectConfigurationPlatforms) = postSolution
		{8F2CC627-2728-4752-986E-CF3A9F498971}.Debug|Any CPU.ActiveCfg = Debug|Any CPU
		{8F2CC627-2728-4752-986E-CF3A9F498971}.Debug|Any CPU.Build.0 = Debug|Any CPU
		{8F2CC627-2728-4752-986E-CF3A9F498971}.Release|Any CPU.ActiveCfg = Release|Any CPU
		{8F2CC627-2728-4752-986E-CF3A9F498971}.Release|Any CPU.Build.0 = Release|Any CPU
	EndGlobalSection
	GlobalSection(SolutionProperties) = preSolution
		HideSolutionNode = FALSE
	EndGlobalSection
	GlobalSection(ExtensibilityGlobals) = postSolution
		SolutionGuid = {DEC0368B-8197-4FA4-B561-B67DB8A0C8A2}
	EndGlobalSection
EndGlobal
